
Microsoft Visual Studio Solution File, Format Version 12.00
# Visual Studio Version 17
VisualStudioVersion = 17.5.002.0
MinimumVisualStudioVersion = 10.0.40219.1
Project("{9A19103F-16F7-4668-BE54-9A1E7A4F7556}") = "ToDoApp.Tests", "ToDoApp.Tests.csproj", "{1F22CFAF-D19E-4989-B0A4-6B610A93E987}"
EndProject
Global
	GlobalSection(SolutionConfigurationPlatforms) = preSolution
		Debug|Any CPU = Debug|Any CPU
		Release|Any CPU = Release|Any CPU
	EndGlobalSection
	GlobalSection(ProjectConfigurationPlatforms) = postSolution
		{1F22CFAF-D19E-4989-B0A4-6B610A93E987}.Debug|Any CPU.ActiveCfg = Debug|Any CPU
		{1F22CFAF-D19E-4989-B0A4-6B610A93E987}.Debug|Any CPU.Build.0 = Debug|Any CPU
		{1F22CFAF-D19E-4989-B0A4-6B610A93E987}.Release|Any CPU.ActiveCfg = Release|Any CPU
		{1F22CFAF-D19E-4989-B0A4-6B610A93E987}.Release|Any CPU.Build.0 = Release|Any CPU
	EndGlobalSection
	GlobalSection(SolutionProperties) = preSolution
		HideSolutionNode = FALSE
	EndGlobalSection
	GlobalSection(ExtensibilityGlobals) = postSolution
		SolutionGuid = {7EEE0C99-00DB-4704-B488-C00BD04C49B9}
	EndGlobalSection
EndGlobal
